
Microsoft Visual Studio Solution File, Format Version 12.00
# Visual Studio Version 17
VisualStudioVersion = 17.14.36414.22 d17.14
MinimumVisualStudioVersion = 10.0.40219.1
Project("{FAE04EC0-301F-11D3-BF4B-00C04F79EFBC}") = "middleware-license-manager", "middleware-license-manager\middleware-license-manager.csproj", "{FE4DDB80-5736-4356-9CD9-EC8EA819E738}"
EndProject
Global
	GlobalSection(SolutionConfigurationPlatforms) = preSolution
		Debug|Any CPU = Debug|Any CPU
		Release|Any CPU = Release|Any CPU
	EndGlobalSection
	GlobalSection(ProjectConfigurationPlatforms) = postSolution
		{FE4DDB80-5736-4356-9CD9-EC8EA819E738}.Debug|Any CPU.ActiveCfg = Debug|Any CPU
		{FE4DDB80-5736-4356-9CD9-EC8EA819E738}.Debug|Any CPU.Build.0 = Debug|Any CPU
		{FE4DDB80-5736-4356-9CD9-EC8EA819E738}.Release|Any CPU.ActiveCfg = Release|Any CPU
		{FE4DDB80-5736-4356-9CD9-EC8EA819E738}.Release|Any CPU.Build.0 = Release|Any CPU
	EndGlobalSection
	GlobalSection(SolutionProperties) = preSolution
		HideSolutionNode = FALSE
	EndGlobalSection
	GlobalSection(ExtensibilityGlobals) = postSolution
		SolutionGuid = {4E51969A-177C-4284-84AC-CA630CDE30D7}
	EndGlobalSection
EndGlobal
